lockfileVersion: '9.0'

settings:
  autoInstallPeers: true
  excludeLinksFromLockfile: false

importers:

  .:
    devDependencies:
      '@doki-land/fractal':
        specifier: workspace:*
        version: link:projects/packages/fractal
      '@doki-land/fractal-win32-x64':
        specifier: workspace:*
        version: link:projects/packages/fractal-win32-x64
      '@doki-land/nifty':
        specifier: ^0.0.8
        version: 0.0.8
      '@napi-rs/cli':
        specifier: ^2.18.4
        version: 2.18.4

  projects/packages/fractal:
    devDependencies:
      '@types/node':
        specifier: ^22.13.10
        version: 22.20.4
      typescript:
        specifier: ^5.8.3
        version: 5.9.3
    optionalDependencies:
      '@doki-land/fractal-darwin-arm64':
        specifier: workspace:*
        version: link:../fractal-darwin-arm64
      '@doki-land/fractal-darwin-x64':
        specifier: workspace:*
        version: link:../fractal-darwin-x64
      '@doki-land/fractal-linux-arm64':
        specifier: workspace:*
        version: link:../fractal-linux-arm64
      '@doki-land/fractal-linux-x64':
        specifier: workspace:*
        version: link:../fractal-linux-x64
      '@doki-land/fractal-win32-x64':
        specifier: workspace:*
        version: link:../fractal-win32-x64

  projects/packages/fractal-darwin-arm64: {}

  projects/packages/fractal-darwin-x64: {}

  projects/packages/fractal-linux-arm64: {}

  projects/packages/fractal-linux-x64: {}

  projects/packages/fractal-win32-x64: {}

  projects/packages/homepage:
    dependencies:
      '@doki-land/fractal':
        specifier: workspace:*
        version: link:../fractal
    devDependencies:
      '@vmz/core':
        specifier: 0.1.32
        version: 0.1.32
      '@vmz/ui':
        specifier: 0.1.32
        version: 0.1.32
      '@vmz/vmz':
        specifier: 0.1.32
        version: 0.1.32(typescript@5.9.3)
      rimraf:
        specifier: ^6.0.1
        version: 6.1.3

packages:

  '@doki-land/nifty-darwin-arm64@0.0.8':
    resolution: {integrity: sha512-XlxhqpAptXnwEfXW2sDVyULNUx7mIoYSYseYvfUojsbrIL/1Xt8EJQmjoeG1r7c59NSVUrwvkHl/cijUZHadwQ==}
    cpu: [arm64]
    os: [darwin]

  '@doki-land/nifty-linux-x64@0.0.8':
    resolution: {integrity: sha512-DHD3vVnEaIUHgay7uDIavjfbUkS/YjSyM9jBcDYVGzSfFqNiuGqrg2Hrf+lN0vwkbZzKyvdxmvZePPyM133ixQ==}
    cpu: [x64]
    os: [linux]

  '@doki-land/nifty-win32-x64@0.0.8':
    resolution: {integrity: sha512-POlfJ1xHIwe/GjYrwVTUT7QTLZHleWxh0IwZaj3YnBjxiNkq7Do9J2HPi3x120sJD7VZtN+xXloQ8G51uBMNkg==}
    cpu: [x64]
    os: [win32]

  '@doki-land/nifty@0.0.8':
    resolution: {integrity: sha512-KB/8FZMQ7XKdpx6DTETHEMPX9ria+Fx6gI0MKEDOueqm/gthZx6m4WQMOpS6IeXQsuSTMRiyFgFmteu5Z69X2Q==}
    hasBin: true

  '@napi-rs/cli@2.18.4':
    resolution: {integrity: sha512-SgJeA4df9DE2iAEpr3M2H0OKl/yjtg1BnRI5/JyowS71tUWhrfSu2LT0V3vlHET+g1hBVlrO60PmEXwUEKp8Mg==}
    engines: {node: '>= 10'}
    hasBin: true

  '@types/node@22.20.4':
    resolution: {integrity: sha512-zJRE40jpHtKqE/C4fgHrAKQLJuSpzEnP9ff9Y7YtoR3Wd2pwqzlekDeEuUQXjRd+QCYnVnNwuJYmhdk9XV8gvA==}

  '@vmz/commander@0.1.32':
    resolution: {integrity: sha512-NJrwXW40y0Iss5+Kw/F9wp0zVsyJhsmkFrPnPlDkXKvAbOV7tF1UDz4hSSsRGC+jumTo4h2rsNPsVgifYn7m6w==}
    engines: {node: '>=20'}

  '@vmz/commander@0.2.3':
    resolution: {integrity: sha512-ON4TOearvvJr91ys68nj+9obNiB6MghQrQpqKs5K27BTGarsenYXp8OB89pqNumhNky9rkEo4idyFTPcgBR8gQ==}
    engines: {node: '>=20'}

  '@vmz/core@0.1.32':
    resolution: {integrity: sha512-4hxz/ncUp34KFxMACrh2pr6z8YsXo/FmUSwy5BHh/V4mYJatxyqbGKr74fHFBe+llEcxVlQdw7EKRihMknuJNQ==}

  '@vmz/diagnostic@0.1.32':
    resolution: {integrity: sha512-aO4p63MXuLi8swUYoT6BEoEzMoG0DP8b2GcpczBpAz3uA8P6M7DgidtDksEoly7M74DWTT54OaMBBtKuJG2jGQ==}
    engines: {node: '>=20'}

  '@vmz/plugin@0.1.32':
    resolution: {integrity: sha512-lrmUhXbJizvRwIcWTShAq1FnI9rki+GW4tdxToZRiTMZNaPnV6jGq0U2UvLPgO1tlWI/sf0CQ0AnoYXhplCmxg==}

  '@vmz/protocol@0.1.32':
    resolution: {integrity: sha512-aMDyCzbA6egKmPMPEYAeZtB/3U7Pb35n+K6jSmVzAGFsiO1oNcpTj69s4QQ3Q5MQmfawOAmNDBuvfjUGS3PyQA==}
    engines: {node: '>=20'}

  '@vmz/ui@0.1.32':
    resolution: {integrity: sha512-7OUZMrh4Ae2WWelwsDD0Qbm0z8/cg06MJT+rZNQiuxDBJyU5tV+LMyyRGiDDPQNGMBWs/rpKx/9ADyNOl0MgZg==}

  '@vmz/vmz-darwin-arm64@0.1.32':
    resolution: {integrity: sha512-dhYdCitklOET53h3c3L9egw6z7YHrWhpCck7L1TPZv4LKIw6BhirvTFzkOtvjhGr+P0t0xx8ouZaZU83QRcWIA==}
    cpu: [arm64]
    os: [darwin]

  '@vmz/vmz-linux-x64@0.1.32':
    resolution: {integrity: sha512-wHZM+E59WRjUDfXqFaFUU6+NqxEo84w9XWUphA2YlQcni4+K77VcK8Lx6rOCuZhdxfZMNK6EWCFmEXdi9JoZlQ==}
    cpu: [x64]
    os: [linux]

  '@vmz/vmz-win32-x64@0.1.32':
    resolution: {integrity: sha512-gJi4+10f5K2VHng3TFC2Y3I/npPjh5EBoJ3xosCy6OUVWcX9IEOYXlNRPB9Q/xgFn24VXgS47uMR9Nt0NoETGQ==}
    cpu: [x64]
    os: [win32]

  '@vmz/vmz@0.1.32':
    resolution: {integrity: sha512-eI5qcmW/Rh5JN5Ut2jrkVjzyyR3yczVNc0q3bFqZijINPsnZZRltM0MUeg46Eunnmf+L58jgloaRMdc0bPwq8g==}
    hasBin: true
    peerDependencies:
      '@vmz/plugin-markdown-it': 0.1.32
      '@vmz/test': 0.1.32
      typescript: ^5.8.3
    peerDependenciesMeta:
      '@vmz/plugin-markdown-it':
        optional: true
      '@vmz/test':
        optional: true
      typescript:
        optional: true

  balanced-match@4.0.4:
    resolution: {integrity: sha512-BLrgEcRTwX2o6gGxGOCNyMvGSp35YofuYzw9h1IMTRmKqttAZZVU67bdb9Pr2vUHA8+j3i2tJfjO6C6+4myGTA==}
    engines: {node: 18 || 20 || >=22}

  boolbase@2.0.0:
    resolution: {integrity: sha512-DkVaaQHymRhpYEYo9x1oo7Q7B0Y6KJUsjm3c9eTyFDby4MHLBTwZ6ZDWBel5zrYxj1WsZgC5oLpiz+93MluXeA==}
    engines: {node: '>=20.19.0'}

  brace-expansion@5.0.12:
    resolution: {integrity: sha512-YovQ3rzhaLMIrDjNDMkNS01tea93qhEhG5xy8f6+R0l+dw3Ki+5sCoIoI942iuLZTHWogWktgwVDhU09iNEimQ==}
    engines: {node: 20 || >=22}

  css-select@7.0.0:
    resolution: {integrity: sha512-snmjEVXy+1LnwXdxhYvTMj1d9tOh4HxkA1YmoayVBeeyR2C14Pum7fcxJIm4SswYspVy866eYNwlH6xC3/VH5g==}
    engines: {node: '>=20.19.0'}

  css-what@8.0.0:
    resolution: {integrity: sha512-DH0Bqq3DNp5tdOReuNyAA+Ev4Y2GS5FMbZpeTLP6C4CDi0h5nL0BmUPChXw3o/qbHLDWHl49sbNqQVY7bMSDdw==}
    engines: {node: '>=20.19.0'}

  cssom@0.5.0:
    resolution: {integrity: sha512-iKuQcq+NdHqlAcwUY0o/HL69XQrUaQdMjmStJ8JFmUaiiQErlhrmuigkg/CU4E2J0IyUKUrMAgl36TvN67MqTw==}

  dom-serializer@2.0.0:
    resolution: {integrity: sha512-wIkAryiqt/nV5EQKqQpo3SToSOV9J0DnbJqwK7Wv/Trc92zIAYZ4FlMu+JPFW1DfGFt81ZTCGgDEabffXeLyJg==}

  dom-serializer@3.1.1:
    resolution: {integrity: sha512-4MEa38/QexBob6gFNwu+EGdWvhJ1OKuNwdYY3Y3NyeWDQfnGeDYQUDfIRzWu5B5gsv03so2Uxd28YC6zrsx3Lw==}
    engines: {node: '>=20.19.0'}

  domelementtype@2.3.0:
    resolution: {integrity: sha512-OLETBj6w0OsagBwdXnPdN0cnMfF9opN69co+7ZrbfPGrdpPVNBUj02spi6B1N7wChLQiPn4CSH/zJvXw56gmHw==}

  domelementtype@3.0.0:
    resolution: {integrity: sha512-umCQid3jKbDmVjx8jGaW7uUykm4DEUeyV21hPxNMo2nV955DhUThwqyOIDtreepP31hl84X7G5U9ZfsWvIB3Pg==}
    engines: {node: '>=20.19.0'}

  domhandler@5.0.3:
    resolution: {integrity: sha512-cgwlv/1iFQiFnU96XXgROh8xTeetsnJiDsTc7TYCLFd9+/WNkIqPTxiM/8pSd8VIrhXGTf1Ny1q1hquVqDJB5w==}
    engines: {node: '>= 4'}

  domhandler@6.0.1:
    resolution: {integrity: sha512-gYzvtM72ZtxQO0T048kd6HWSbbGCNOUwcnfQ01cqIJ4X2IYKFFHZ5mKvrQETcFXxsRObZulDaKmy//R7TPtsBg==}
    engines: {node: '>=20.19.0'}

  domutils@3.2.2:
    resolution: {integrity: sha512-6kZKyUajlDuqlHKVX1w7gyslj9MPIXzIFiz/rGu35uC1wMi+kMhQwGhl4lt9unC9Vb9INnY9Z3/ZA3+FhASLaw==}

  domutils@4.0.2:
    resolution: {integrity: sha512-qI4JLRKnSzqFqr7hAlS5xQDusBCjKSEG4t4+7aNrIQMHBcsC2TGEhuyABJdYkgSewL57PNLYEiibY2iPKhKpaA==}
    engines: {node: '>=20.19.0'}

  entities@4.5.0:
    resolution: {integrity: sha512-V0hjH4dGPh9Ao5p0MoRY6BVqtwCjhz6vI5LT8AJ55H+4g9/4vbHx1I54fS0XuclLhDHArPQCiMjDxjaL8fPxhw==}
    engines: {node: '>=0.12'}

  entities@7.0.1:
    resolution: {integrity: sha512-TWrgLOFUQTH994YUyl1yT4uyavY5nNB5muff+RtWaqNVCAK408b5ZnnbNAUEWLTCpum9w6arT70i1XdQ4UeOPA==}
    engines: {node: '>=0.12'}

  entities@8.1.0:
    resolution: {integrity: sha512-kxL7msIffSuh9aaFAMD7rxAIuTRMAHMeBtgHW2yUdWw732ZNh4MehkF2gdjvtdmikkaIP9bFDDJOPlsvm7avrA==}
    engines: {node: '>=20.19.0'}

  glob@13.0.6:
    resolution: {integrity: sha512-Wjlyrolmm8uDpm/ogGyXZXb1Z+Ca2B8NbJwqBVg0axK9GbBeoS7yGV6vjXnYdGm6X53iehEuxxbyiKp8QmN4Vw==}
    engines: {node: 18 || 20 || >=22}

  html-escaper@3.0.3:
    resolution: {integrity: sha512-RuMffC89BOWQoY0WKGpIhn5gX3iI54O6nRA0yC124NYVtzjmFWBIiFd8M0x+ZdX0P9R4lADg1mgP8C7PxGOWuQ==}

  htmlparser2@10.1.0:
    resolution: {integrity: sha512-VTZkM9GWRAtEpveh7MSF6SjjrpNVNNVJfFup7xTY3UpFtm67foy9HDVXneLtFVt4pMz5kZtgNcvCniNFb1hlEQ==}

  jiti@2.7.0:
    resolution: {integrity: sha512-AC/7JofJvZGrrneWNaEnJeOLUx+JlGt7tNa0wZiRPT4MY1wmfKjt2+6O2p2uz2+skll8OZZmJMNqeke7kKbNgQ==}
    hasBin: true

  linkedom@0.18.13:
    resolution: {integrity: sha512-ES/o9qotMpzpN2MHs+Iq/JcVoOj8Fa5wiQYrTdFpvAnwXL0g66XHHUc9WUMk6nAlBtGsFQ24ne+SYnvnaQ2FSw==}
    engines: {node: '>=16'}
    peerDependencies:
      canvas: '>= 2'
    peerDependenciesMeta:
      canvas:
        optional: true

  lru-cache@11.5.3:
    resolution: {integrity: sha512-U4N8FgzmWxc8k1VH8Kr6lQg18U7Fjvby6wXHVRX/ZZ7IwWbRMgrRbP0Wrb5q5NVinryp4SQampHKdvtecItxUg==}
    engines: {node: 20 || >=22}

  minimatch@10.2.6:
    resolution: {integrity: sha512-vpLQEs+VLCr1nU0BXS07maYoFwlDAH0gngQuuttxIwutDFEMHq2blX+8vpgxDdK3J1PwjCJiep77OitTZ4Ll1A==}
    engines: {node: 18 || 20 || >=22}

  minipass@7.1.3:
    resolution: {integrity: sha512-tEBHqDnIoM/1rXME1zgka9g6Q2lcoCkxHLuc7ODJ5BxbP5d4c2Z5cGgtXAku59200Cx7diuHTOYfSBD8n6mm8A==}
    engines: {node: '>=16 || 14 >=14.17'}

  nth-check@3.0.1:
    resolution: {integrity: sha512-GX0gsdbGVCgnRgbeGaubfjpBXyYRWOOCVeYh08bSQvDZqxz5ndXs1OTfAt/h36G1xvI94YIspsI0sVFqAV9+RQ==}
    engines: {node: '>=20.19.0'}

  package-json-from-dist@1.0.1:
    resolution: {integrity: sha512-UEZIS3/by4OC8vL3P2dTXRETpebLI2NiI5vIrjaD/5UtrkFX/tNbwjTSRAGC/+7CAo2pIcBaRgWmcBBHcsaCIw==}

  path-scurry@2.0.2:
    resolution: {integrity: sha512-3O/iVVsJAPsOnpwWIeD+d6z/7PmqApyQePUtCndjatj/9I5LylHvt5qluFaBT3I5h3r1ejfR056c+FCv+NnNXg==}
    engines: {node: 18 || 20 || >=22}

  rimraf@6.1.3:
    resolution: {integrity: sha512-LKg+Cr2ZF61fkcaK1UdkH2yEBBKnYjTyWzTJT6KNPcSPaiT7HSdhtMXQuN5wkTX0Xu72KQ1l8S42rlmexS2hSA==}
    engines: {node: 20 || >=22}
    hasBin: true

  typescript@5.9.3:
    resolution: {integrity: sha512-jl1vZzPDinLr9eUt3J/t7V6FgNEw9QjvBPdysz9KfQDD41fQrC2Y4vKQdiaUpFT4bXlb1RHhLpp8wtm6M5TgSw==}
    engines: {node: '>=14.17'}
    hasBin: true

  uhyphen@0.2.0:
    resolution: {integrity: sha512-qz3o9CHXmJJPGBdqzab7qAYuW8kQGKNEuoHFYrBwV6hWIMcpAmxDLXojcHfFr9US1Pe6zUswEIJIbLI610fuqA==}

  undici-types@6.21.0:
    resolution: {integrity: sha512-iwDZqg0QAGrg9Rav5H4n0M64c3mkR59cJ6wQp+7C4nI0gsmExaedaYLNO44eT4AtBBwjbTiGPMlt2Md0T9H9JQ==}

snapshots:

  '@doki-land/nifty-darwin-arm64@0.0.8':
    optional: true

  '@doki-land/nifty-linux-x64@0.0.8':
    optional: true

  '@doki-land/nifty-win32-x64@0.0.8':
    optional: true

  '@doki-land/nifty@0.0.8':
    dependencies:
      '@vmz/commander': 0.2.3
      jiti: 2.7.0
    optionalDependencies:
      '@doki-land/nifty-darwin-arm64': 0.0.8
      '@doki-land/nifty-linux-x64': 0.0.8
      '@doki-land/nifty-win32-x64': 0.0.8

  '@napi-rs/cli@2.18.4': {}

  '@types/node@22.20.4':
    dependencies:
      undici-types: 6.21.0

  '@vmz/commander@0.1.32': {}

  '@vmz/commander@0.2.3': {}

  '@vmz/core@0.1.32':
    dependencies:
      linkedom: 0.18.13
    optionalDependencies:
      '@vmz/vmz-darwin-arm64': 0.1.32
      '@vmz/vmz-linux-x64': 0.1.32
      '@vmz/vmz-win32-x64': 0.1.32
    transitivePeerDependencies:
      - canvas

  '@vmz/diagnostic@0.1.32': {}

  '@vmz/plugin@0.1.32':
    dependencies:
      '@vmz/protocol': 0.1.32

  '@vmz/protocol@0.1.32': {}

  '@vmz/ui@0.1.32': {}

  '@vmz/vmz-darwin-arm64@0.1.32':
    optional: true

  '@vmz/vmz-linux-x64@0.1.32':
    optional: true

  '@vmz/vmz-win32-x64@0.1.32':
    optional: true

  '@vmz/vmz@0.1.32(typescript@5.9.3)':
    dependencies:
      '@vmz/commander': 0.1.32
      '@vmz/core': 0.1.32
      '@vmz/diagnostic': 0.1.32
      '@vmz/plugin': 0.1.32
      '@vmz/protocol': 0.1.32
      jiti: 2.7.0
    optionalDependencies:
      '@vmz/vmz-darwin-arm64': 0.1.32
      '@vmz/vmz-linux-x64': 0.1.32
      '@vmz/vmz-win32-x64': 0.1.32
      typescript: 5.9.3
    transitivePeerDependencies:
      - canvas

  balanced-match@4.0.4: {}

  boolbase@2.0.0: {}

  brace-expansion@5.0.12:
    dependencies:
      balanced-match: 4.0.4

  css-select@7.0.0:
    dependencies:
      boolbase: 2.0.0
      css-what: 8.0.0
      domhandler: 6.0.1
      domutils: 4.0.2
      nth-check: 3.0.1

  css-what@8.0.0: {}

  cssom@0.5.0: {}

  dom-serializer@2.0.0:
    dependencies:
      domelementtype: 2.3.0
      domhandler: 5.0.3
      entities: 4.5.0

  dom-serializer@3.1.1:
    dependencies:
      domelementtype: 3.0.0
      domhandler: 6.0.1
      entities: 8.1.0

  domelementtype@2.3.0: {}

  domelementtype@3.0.0: {}

  domhandler@5.0.3:
    dependencies:
      domelementtype: 2.3.0

  domhandler@6.0.1:
    dependencies:
      domelementtype: 3.0.0

  domutils@3.2.2:
    dependencies:
      dom-serializer: 2.0.0
      domelementtype: 2.3.0
      domhandler: 5.0.3

  domutils@4.0.2:
    dependencies:
      dom-serializer: 3.1.1
      domelementtype: 3.0.0
      domhandler: 6.0.1

  entities@4.5.0: {}

  entities@7.0.1: {}

  entities@8.1.0: {}

  glob@13.0.6:
    dependencies:
      minimatch: 10.2.6
      minipass: 7.1.3
      path-scurry: 2.0.2

  html-escaper@3.0.3: {}

  htmlparser2@10.1.0:
    dependencies:
      domelementtype: 2.3.0
      domhandler: 5.0.3
      domutils: 3.2.2
      entities: 7.0.1

  jiti@2.7.0: {}

  linkedom@0.18.13:
    dependencies:
      css-select: 7.0.0
      cssom: 0.5.0
      html-escaper: 3.0.3
      htmlparser2: 10.1.0
      uhyphen: 0.2.0

  lru-cache@11.5.3: {}

  minimatch@10.2.6:
    dependencies:
      brace-expansion: 5.0.12

  minipass@7.1.3: {}

  nth-check@3.0.1:
    dependencies:
      boolbase: 2.0.0

  package-json-from-dist@1.0.1: {}

  path-scurry@2.0.2:
    dependencies:
      lru-cache: 11.5.3
      minipass: 7.1.3

  rimraf@6.1.3:
    dependencies:
      glob: 13.0.6
      package-json-from-dist: 1.0.1

  typescript@5.9.3: {}

  uhyphen@0.2.0: {}

  undici-types@6.21.0: {}
